
Microsoft Visual Studio Solution File, Format Version 12.00
# Visual Studio Version 16
VisualStudioVersion = 25.0.1706.11
MinimumVisualStudioVersion = 10.0.40219.1
Project("{FAE04EC0-301F-11D3-BF4B-00C04F79EFBC}") = "IAEA_CS_PoC_Consola", "IAEA_CS_PoC_Consola\IAEA_CS_PoC_Consola.csproj", "{09C2A79A-B0F0-4375-9B87-F1CA3EDDB83A}"
EndProject
Global
	GlobalSection(SolutionConfigurationPlatforms) = preSolution
		Debug|Any CPU = Debug|Any CPU
		Release|Any CPU = Release|Any CPU
	EndGlobalSection
	GlobalSection(ProjectConfigurationPlatforms) = postSolution
		{09C2A79A-B0F0-4375-9B87-F1CA3EDDB83A}.Debug|Any CPU.ActiveCfg = Debug|Any CPU
		{09C2A79A-B0F0-4375-9B87-F1CA3EDDB83A}.Debug|Any CPU.Build.0 = Debug|Any CPU
		{09C2A79A-B0F0-4375-9B87-F1CA3EDDB83A}.Release|Any CPU.ActiveCfg = Release|Any CPU
		{09C2A79A-B0F0-4375-9B87-F1CA3EDDB83A}.Release|Any CPU.Build.0 = Release|Any CPU
	EndGlobalSection
	GlobalSection(SolutionProperties) = preSolution
		HideSolutionNode = FALSE
	EndGlobalSection
	GlobalSection(ExtensibilityGlobals) = postSolution
		SolutionGuid = {8F5E02CA-5609-4386-9DCF-5D97005FE7B1}
	EndGlobalSection
EndGlobal
