
Microsoft Visual Studio Solution File, Format Version 12.00
# Visual Studio Version 16
VisualStudioVersion = 25.0.1705.4
MinimumVisualStudioVersion = 10.0.40219.1
Project("{FAE04EC0-301F-11D3-BF4B-00C04F79EFBC}") = "IAEA_Reactores_Nucleares_Investigacion", "IAEA_Reactores_Nucleares_Investigacion\IAEA_Reactores_Nucleares_Investigacion.csproj", "{C20E1383-3593-4D4F-A4FB-10FC92B18201}"
EndProject
Global
	GlobalSection(SolutionConfigurationPlatforms) = preSolution
		Debug|Any CPU = Debug|Any CPU
		Release|Any CPU = Release|Any CPU
	EndGlobalSection
	GlobalSection(ProjectConfigurationPlatforms) = postSolution
		{C20E1383-3593-4D4F-A4FB-10FC92B18201}.Debug|Any CPU.ActiveCfg = Debug|Any CPU
		{C20E1383-3593-4D4F-A4FB-10FC92B18201}.Debug|Any CPU.Build.0 = Debug|Any CPU
		{C20E1383-3593-4D4F-A4FB-10FC92B18201}.Release|Any CPU.ActiveCfg = Release|Any CPU
		{C20E1383-3593-4D4F-A4FB-10FC92B18201}.Release|Any CPU.Build.0 = Release|Any CPU
	EndGlobalSection
	GlobalSection(SolutionProperties) = preSolution
		HideSolutionNode = FALSE
	EndGlobalSection
	GlobalSection(ExtensibilityGlobals) = postSolution
		SolutionGuid = {B159419F-5931-4050-A016-FA2FF9CD365C}
	EndGlobalSection
EndGlobal
